
Microsoft Visual Studio Solution File, Format Version 12.00
# Visual Studio Version 16
VisualStudioVersion = 16.0.809.3
MinimumVisualStudioVersion = 10.0.40219.1
Project("{FAE04EC0-301F-11D3-BF4B-00C04F79EFBC}") = "emergenecies_cnt_backend", "General\emergenecies_cnt_backend.csproj", "{CE7EDEF7-7036-4805-9151-6827F7677A3A}"
EndProject
Global
	GlobalSection(SolutionConfigurationPlatforms) = preSolution
		Debug|Any CPU = Debug|Any CPU
		Release|Any CPU = Release|Any CPU
	EndGlobalSection
	GlobalSection(ProjectConfigurationPlatforms) = postSolution
		{CE7EDEF7-7036-4805-9151-6827F7677A3A}.Debug|Any CPU.ActiveCfg = Debug|Any CPU
		{CE7EDEF7-7036-4805-9151-6827F7677A3A}.Debug|Any CPU.Build.0 = Debug|Any CPU
		{CE7EDEF7-7036-4805-9151-6827F7677A3A}.Release|Any CPU.ActiveCfg = Release|Any CPU
		{CE7EDEF7-7036-4805-9151-6827F7677A3A}.Release|Any CPU.Build.0 = Release|Any CPU
	EndGlobalSection
	GlobalSection(SolutionProperties) = preSolution
		HideSolutionNode = FALSE
	EndGlobalSection
	GlobalSection(ExtensibilityGlobals) = postSolution
		SolutionGuid = {313168BC-6691-4237-80D2-94C8CC4C727A}
	EndGlobalSection
EndGlobal
